github.com/VirusTotal/vt-go v0.0.0-20211209151516-855a1e790678 h1:IVvLDz0INo1rn7wG4OQub9MkyNNaBp0sQgU1apho/mk=
github.com/VirusTotal/vt-go v0.0.0-20211209151516-855a1e790678/go.mod h1:u1+HeRyl/gQs67eDgVEWNE7+x+zCyXhdtNVrRJR5YPE=
github.com/alexmullins/zip v0.0.0-20180717182244-4affb64b04d0/go.mod h1:FDIQmoMNJJl5/k7upZEnGvgWVZfFeE6qHeN7iCMbCsA=
github.com/davecgh/go-spew v1.1.0/go.mod h1:J7Y8YcW2NihsgmVo/mv3lAwl/skON4iLHjSsI+c5H38=
github.com/davecgh/go-spew v1.1.1 h1:vj9j/u1bqnvCEfJOwUhtlOARqs3+rkHYY13jYWTU97c=
github.com/davecgh/go-spew v1.1.1/go.mod h1:J7Y8YcW2NihsgmVo/mv3lAwl/skON4iLHjSsI+c5H38=
github.com/go-test/deep v1.0.4 h1:u2CU3YKy9I2pmu9pX0eq50wCgjfGIt539SqR7FbHiho=
github.com/go-test/deep v1.0.4/go.mod h1:wGDj63lr65AM2AQyKZd/NYHGb0R+1RLqB8NKt3aSFNA=
github.com/gorilla/websocket v1.4.2 h1:+/TMaTYc4QFitKJxsQ7Yye35DkWvkdLcvGKqM+x0Ufc=
github.com/gorilla/websocket v1.4.2/go.mod h1:YR8l580nyteQvAITg2hZ9XVh4b55+EU/adAjf1fMHhE=
github.com/pkg/errors v0.8.0/go.mod h1:bwawxfHBFNV+L2hUp1rHADufV3IMtnDRdf1r5NINEl0=
github.com/pkg/errors v0.8.1 h1:iURUrRGxPUNPdy5/HRSm+Yj6okJ6UtLINN0Q9M4+h3I=
github.com/pkg/errors v0.8.1/go.mod h1:bwawxfHBFNV+L2hUp1rHADufV3IMtnDRdf1r5NINEl0=
github.com/pmezard/go-difflib v1.0.0 h1:4DBwDE0NGyQoBHbLQYPwSUPoCMWR5BEzIk/f1lZbAQM=
github.com/pmezard/go-difflib v1.0.0/go.mod h1:iKH77koFhYxTK1pcRnkKkqfTogsbg7gZNVY4sRDYZ/4=
github.com/roaldi/go-malwarebazaar v0.0.0-20220208213256-fb77a4ee3a6a h1:ZNY3mAb/rf5sEGKYsvm2Mr2lA4qHW/odOA5BNu62IyU=
github.com/roaldi/go-malwarebazaar v0.0.0-20220208213256-fb77a4ee3a6a/go.mod h1:lUJpdizolxRK1+/hvG2dGYtr3aXqcMwn9dtHYeY0bGo=
github.com/shomali11/commander v0.0.0-20191122162317-51bc574c29ba h1:EDb+FfzJD5OTWxKE5LQaM6oiScfzNVmzjgCfWziLDkA=
github.com/shomali11/commander v0.0.0-20191122162317-51bc574c29ba/go.mod h1:bYyJw/Aj9fK+qoFmRbPJeWsDgq7WGO8f/Qof95qPug4=
github.com/shomali11/proper v0.0.0-20180607004733-233a9a872c30 h1:56awf1OXG6Jc2Pk1saojpCzpzkoBvlqecCyNLY+wwkc=
github.com/shomali11/proper v0.0.0-20180607004733-233a9a872c30/go.mod h1:O723XwIZBX3FR45rBic/Eyp/DKo/YtchYFURzpUWY2c=
github.com/shomali11/slacker v0.0.0-20220129203130-6c28a41fb7b0 h1:AXLLj2ZVPAKPZPf7suvU0EtfOa4Qu7+HJoIHJOU6p4o=
github.com/shomali11/slacker v0.0.0-20220129203130-6c28a41fb7b0/go.mod h1:XOmilON7ZpGR4iSNHC6woMGILgDek2BMd+96UCIhTr0=
github.com/slack-go/slack v0.9.1 h1:pekQBs0RmrdAgoqzcMCzUCWSyIkhzUU3F83ExAdZrKo=
github.com/slack-go/slack v0.9.1/go.mod h1:wWL//kk0ho+FcQXcBTmEafUI5dz4qz5f4mMk8oIkioQ=
github.com/stretchr/objx v0.1.0/go.mod h1:HFkY916IF+rwdDfMAkV7OtwuqBVzrE8GR6GFx+wExME=
github.com/stretchr/testify v1.2.1/go.mod h1:a8OnRcib4nhh0OaRAV+Yts87kKdq0PP7pXfy6kDkUVs=
github.com/stretchr/testify v1.2.2/go.mod h1:a8OnRcib4nhh0OaRAV+Yts87kKdq0PP7pXfy6kDkUVs=
github.com/stretchr/testify v1.3.0/go.mod h1:M5WIy9Dh21IEIfnGCwXGc5bZfKNJtfHm1UVUgZn+9EI=
github.com/stretchr/testify v1.7.0 h1:nwc3DEeHmmLAfoZucVR881uASk0Mfjw8xYJ99tb5CcY=
github.com/stretchr/testify v1.7.0/go.mod h1:6Fq8oRcR53rry900zMqJjRRixrwX3KX962/h/Wwjteg=
github.com/thedevsaddam/gojsonq/v2 v2.5.2 h1:CoMVaYyKFsVj6TjU6APqAhAvC07hTI6IQen8PHzHYY0=
github.com/thedevsaddam/gojsonq/v2 v2.5.2/go.mod h1:bv6Xa7kWy82uT0LnXPE2SzGqTj33TAEeR560MdJkiXs=
go.etcd.io/bbolt v1.3.6 h1:/ecaJf0sk1l4l6V4awd65v2C3ILy7MSj+s/x1ADCIMU=
go.etcd.io/bbolt v1.3.6/go.mod h1:qXsaaIqmgQH0T+OPdb99Bf+PKfBBQVAdyD6TY9G8XM4=
golang.org/x/crypto v0.0.0-20190308221718-c2843e01d9a2/go.mod h1:djNgcEr1/C05ACkg1iLfiJU5Ep61QUkGW8qpdssI0+w=
golang.org/x/crypto v0.0.0-20201117144127-c1f2f97bffc9/go.mod h1:jdWPYTVW3xRLrWPugEBEK3UY2ZEsg3UU495nc5E+M+I=
golang.org/x/net v0.0.0-20190404232315-eb5bcb51f2a3/go.mod h1:t9HGtf8HONx5eT2rtn7q6eTqICYqUVnKs3thJo3Qplg=
golang.org/x/sys v0.0.0-20190215142949-d0b11bdaac8a/go.mod h1:STP8DvDyc/dI5b8T5hshtkjS+E42TnysNCUPdjciGhY=
golang.org/x/sys v0.0.0-20191026070338-33540a1f6037/go.mod h1:h1NjWce9XRLGQEsW7wpKNCjG9DtNlClVuFLEZdDNbEs=
golang.org/x/sys v0.0.0-20200923182605-d9f96fdee20d/go.mod h1:h1NjWce9XRLGQEsW7wpKNCjG9DtNlClVuFLEZdDNbEs=
golang.org/x/sys v0.0.0-20210319071255-635bc2c9138d h1:jbzgAvDZn8aEnytae+4ou0J0GwFZoHR0hOrTg4qH8GA=
golang.org/x/sys v0.0.0-20210319071255-635bc2c9138d/go.mod h1:h1NjWce9XRLGQEsW7wpKNCjG9DtNlClVuFLEZdDNbEs=
golang.org/x/term v0.0.0-20201117132131-f5c789dd3221/go.mod h1:Nr5EML6q2oocZ2LXRh80K7BxOlk5/8JxuGnuhpl+muw=
golang.org/x/text v0.3.0/go.mod h1:NqM8EUOU14njkJ3fqMW+pc6Ldnwhi/IjpwHt7yyuwOQ=
gopkg.in/check.v1 v0.0.0-20161208181325-20d25e280405/go.mod h1:Co6ibVJAznAaIkqp8huTwlJQCZ016jof/cbN4VW5Yz0=
gopkg.in/yaml.v3 v3.0.0-20200313102051-9f266ea9e77c h1:dUUwHk2QECo/6vqA44rthZ8ie2QXMNeKRTHCNY2nXvo=
gopkg.in/yaml.v3 v3.0.0-20200313102051-9f266ea9e77c/go.mod h1:K4uyk7z7BCEPqu6E+C64Yfv1cQ7kz7rIZviUmN+EgEM=
